
Microsoft Visual Studio Solution File, Format Version 12.00
# Visual Studio Version 17
VisualStudioVersion = 17.10.34928.147
MinimumVisualStudioVersion = 10.0.40219.1
Project("{8BC9CEB8-8B4A-11D0-8D11-00A0C91BC942}") = "vphys_parser", "vphys_parser.vcxproj", "{ADE08A7C-7921-4458-AB5D-91C134489CE7}"
EndProject
Global
	GlobalSection(SolutionConfigurationPlatforms) = preSolution
		Release|x64 = Release|x64
		Release|x86 = Release|x86
	EndGlobalSection
	GlobalSection(ProjectConfigurationPlatforms) = postSolution
		{ADE08A7C-7921-4458-AB5D-91C134489CE7}.Debug|x64.ActiveCfg = Release|x64
		{ADE08A7C-7921-4458-AB5D-91C134489CE7}.Debug|x64.Build.0 = Release|x64
		{ADE08A7C-7921-4458-AB5D-91C134489CE7}.Debug|x86.ActiveCfg = Debug|Win32
		{ADE08A7C-7921-4458-AB5D-91C134489CE7}.Debug|x86.Build.0 = Debug|Win32
		{ADE08A7C-7921-4458-AB5D-91C134489CE7}.Release|x64.ActiveCfg = Release|x64
		{ADE08A7C-7921-4458-AB5D-91C134489CE7}.Release|x64.Build.0 = Release|x64
		{ADE08A7C-7921-4458-AB5D-91C134489CE7}.Release|x86.ActiveCfg = Release|Win32
		{ADE08A7C-7921-4458-AB5D-91C134489CE7}.Release|x86.Build.0 = Release|Win32
	EndGlobalSection
	GlobalSection(SolutionProperties) = preSolution
		HideSolutionNode = FALSE
	EndGlobalSection
	GlobalSection(ExtensibilityGlobals) = postSolution
		SolutionGuid = {51BA73DD-6E83-4AE9-BC20-03AA126BA5FC}
	EndGlobalSection
EndGlobal
